
Microsoft Visual Studio Solution File, Format Version 12.00
# Visual Studio Version 16
VisualStudioVersion = 16.0.31025.194
MinimumVisualStudioVersion = 10.0.40219.1
Project("{FAE04EC0-301F-11D3-BF4B-00C04F79EFBC}") = "PrincipioSolidD", "PrincipioSolidD\PrincipioSolidD.csproj", "{8FE08DA9-2E58-48FA-8316-32F8760431E1}"
EndProject
Global
	GlobalSection(SolutionConfigurationPlatforms) = preSolution
		Debug|Any CPU = Debug|Any CPU
		Release|Any CPU = Release|Any CPU
	EndGlobalSection
	GlobalSection(ProjectConfigurationPlatforms) = postSolution
		{8FE08DA9-2E58-48FA-8316-32F8760431E1}.Debug|Any CPU.ActiveCfg = Debug|Any CPU
		{8FE08DA9-2E58-48FA-8316-32F8760431E1}.Debug|Any CPU.Build.0 = Debug|Any CPU
		{8FE08DA9-2E58-48FA-8316-32F8760431E1}.Release|Any CPU.ActiveCfg = Release|Any CPU
		{8FE08DA9-2E58-48FA-8316-32F8760431E1}.Release|Any CPU.Build.0 = Release|Any CPU
	EndGlobalSection
	GlobalSection(SolutionProperties) = preSolution
		HideSolutionNode = FALSE
	EndGlobalSection
	GlobalSection(ExtensibilityGlobals) = postSolution
		SolutionGuid = {D0DAED55-B05A-4F4F-B069-06BDBDF76BB1}
	EndGlobalSection
EndGlobal
